---
lockfileVersion: '9.0'

importers:

  .:
    configDependencies: {}
    packageManagerDependencies:
      '@pnpm/exe':
        specifier: ^11.0.4
        version: 11.6.0
      pnpm:
        specifier: ^11.0.4
        version: 11.6.0

packages:

  '@pnpm/exe@11.6.0':
    resolution: {integrity: sha512-CguaA9vPwP8IMpgbGp2Pbhek7GxvAWvm7orXaguA5Hr07BVvCiQqH5O0FbLwMdTBos0wb8AvsTHlZrLGehkQHw==}
    hasBin: true

  '@pnpm/linux-arm64@11.6.0':
    resolution: {integrity: sha512-NaGjtSDjXt1xI0i7oZgOZREEpWVf4+1jtNVUoCKwp0kTm10S5kd98IHoaHtlYCQ+sHRTezFsNq4ex42lbq2Nug==}
    cpu: [arm64]
    os: [linux]

  '@pnpm/linux-x64@11.6.0':
    resolution: {integrity: sha512-9KUcSliUBxaLz/9Zvulnb3gy6K1UW86uuVHA65yX36I2Bqs151E+roMfVlLJqhfK+p+GP5xaUpLdNbmDj/bskg==}
    cpu: [x64]
    os: [linux]

  '@pnpm/linuxstatic-arm64@11.6.0':
    resolution: {integrity: sha512-iqGJk/3v/Thrr/7ngDMK7knmjdkG162zz3cnvkeYqj/bvnpQU6LrfCBLjncaSUbEuekpnDj7Y7Ob1dtWpGp+lA==}
    cpu: [arm64]
    os: [linux]
    libc: [musl]

  '@pnpm/linuxstatic-x64@11.6.0':
    resolution: {integrity: sha512-R+aKPOmTrXym7hcpmsQMPj8BgqWTkQyMbLMhozKWal3vQ/AaN7JlIzuL8ZG+1kn+o+7cQ6woG6esK54ZCFtfPg==}
    cpu: [x64]
    os: [linux]
    libc: [musl]

  '@pnpm/macos-arm64@11.6.0':
    resolution: {integrity: sha512-vN9NjAn0rC9qIwnSkEY6Ep330HvZGP0umR/VYcH2xNcKzTclhlLVngXfAl70pxDu2VqcHo6+n/XVp7PwLG6JuA==}
    cpu: [arm64]
    os: [darwin]

  '@pnpm/win-arm64@11.6.0':
    resolution: {integrity: sha512-ubXglpUji9C3AEWMBsadgDvMF1hKRuO8kg/UjY4RDWO/omMVR0gt87B7guLGnuWYOZOyBgqvE6SdnP84w1wMyA==}
    cpu: [arm64]
    os: [win32]

  '@pnpm/win-x64@11.6.0':
    resolution: {integrity: sha512-3PuRzVgr/uoGBnICdUHox04hjebH1KZUsH4nz3o8RrGOFa9FCcIezRIOd8M+wrw8buvWFH5ZavFDucEynLzLRw==}
    cpu: [x64]
    os: [win32]

  '@reflink/reflink-darwin-arm64@0.1.19':
    resolution: {integrity: sha512-ruy44Lpepdk1FqDz38vExBY/PVUsjxZA+chd9wozjUH9JjuDT/HEaQYA6wYN9mf041l0yLVar6BCZuWABJvHSA==}
    engines: {node: '>= 10'}
    cpu: [arm64]
    os: [darwin]

  '@reflink/reflink-darwin-x64@0.1.19':
    resolution: {integrity: sha512-By85MSWrMZa+c26TcnAy8SDk0sTUkYlNnwknSchkhHpGXOtjNDUOxJE9oByBnGbeuIE1PiQsxDG3Ud+IVV9yuA==}
    engines: {node: '>= 10'}
    cpu: [x64]
    os: [darwin]

  '@reflink/reflink-linux-arm64-gnu@0.1.19':
    resolution: {integrity: sha512-7P+er8+rP9iNeN+bfmccM4hTAaLP6PQJPKWSA4iSk2bNvo6KU6RyPgYeHxXmzNKzPVRcypZQTpFgstHam6maVg==}
    engines: {node: '>= 10'}
    cpu: [arm64]
    os: [linux]
    libc: [glibc]

  '@reflink/reflink-linux-arm64-musl@0.1.19':
    resolution: {integrity: sha512-37iO/Dp6m5DDaC2sf3zPtx/hl9FV3Xze4xoYidrxxS9bgP3S8ALroxRK6xBG/1TtfXKTvolvp+IjrUU6ujIGmA==}
    engines: {node: '>= 10'}
    cpu: [arm64]
    os: [linux]
    libc: [musl]

  '@reflink/reflink-linux-x64-gnu@0.1.19':
    resolution: {integrity: sha512-jbI8jvuYCaA3MVUdu8vLoLAFqC+iNMpiSuLbxlAgg7x3K5bsS8nOpTRnkLF7vISJ+rVR8W+7ThXlXlUQ93ulkw==}
    engines: {node: '>= 10'}
    cpu: [x64]
    os: [linux]
    libc: [glibc]

  '@reflink/reflink-linux-x64-musl@0.1.19':
    resolution: {integrity: sha512-e9FBWDe+lv7QKAwtKOt6A2W/fyy/aEEfr0g6j/hWzvQcrzHCsz07BNQYlNOjTfeytrtLU7k449H1PI95jA4OjQ==}
    engines: {node: '>= 10'}
    cpu: [x64]
    os: [linux]
    libc: [musl]

  '@reflink/reflink-win32-arm64-msvc@0.1.19':
    resolution: {integrity: sha512-09PxnVIQcd+UOn4WAW73WU6PXL7DwGS6wPlkMhMg2zlHHG65F3vHepOw06HFCq+N42qkaNAc8AKIabWvtk6cIQ==}
    engines: {node: '>= 10'}
    cpu: [arm64]
    os: [win32]

  '@reflink/reflink-win32-x64-msvc@0.1.19':
    resolution: {integrity: sha512-E//yT4ni2SyhwP8JRjVGWr3cbnhWDiPLgnQ66qqaanjjnMiu3O/2tjCPQXlcGc/DEYofpDc9fvhv6tALQsMV9w==}
    engines: {node: '>= 10'}
    cpu: [x64]
    os: [win32]

  '@reflink/reflink@0.1.19':
    resolution: {integrity: sha512-DmCG8GzysnCZ15bres3N5AHCmwBwYgp0As6xjhQ47rAUTUXxJiK+lLUxaGsX3hd/30qUpVElh05PbGuxRPgJwA==}
    engines: {node: '>= 10'}

  detect-libc@2.1.2:
    resolution: {integrity: sha512-Btj2BOOO83o3WyH59e8MgXsxEQVcarkUOpEYrubB0urwnN10yQ364rsiByU11nZlqWYZm05i/of7io4mzihBtQ==}
    engines: {node: '>=8'}

  pnpm@11.6.0:
    resolution: {integrity: sha512-mjZRgiQIDG/lFlr9z+eb+hGMKb5wPz9GKx4y7+HpjkfodQsUjggoYlCq1BE8x5k8pBPE4s1Ed1JwjC7ldRvJXw==}
    engines: {node: '>=22.13'}
    hasBin: true

snapshots:

  '@pnpm/exe@11.6.0':
    dependencies:
      '@reflink/reflink': 0.1.19
      detect-libc: 2.1.2
    optionalDependencies:
      '@pnpm/linux-arm64': 11.6.0
      '@pnpm/linux-x64': 11.6.0
      '@pnpm/linuxstatic-arm64': 11.6.0
      '@pnpm/linuxstatic-x64': 11.6.0
      '@pnpm/macos-arm64': 11.6.0
      '@pnpm/win-arm64': 11.6.0
      '@pnpm/win-x64': 11.6.0

  '@pnpm/linux-arm64@11.6.0':
    optional: true

  '@pnpm/linux-x64@11.6.0':
    optional: true

  '@pnpm/linuxstatic-arm64@11.6.0':
    optional: true

  '@pnpm/linuxstatic-x64@11.6.0':
    optional: true

  '@pnpm/macos-arm64@11.6.0':
    optional: true

  '@pnpm/win-arm64@11.6.0':
    optional: true

  '@pnpm/win-x64@11.6.0':
    optional: true

  '@reflink/reflink-darwin-arm64@0.1.19':
    optional: true

  '@reflink/reflink-darwin-x64@0.1.19':
    optional: true

  '@reflink/reflink-linux-arm64-gnu@0.1.19':
    optional: true

  '@reflink/reflink-linux-arm64-musl@0.1.19':
    optional: true

  '@reflink/reflink-linux-x64-gnu@0.1.19':
    optional: true

  '@reflink/reflink-linux-x64-musl@0.1.19':
    optional: true

  '@reflink/reflink-win32-arm64-msvc@0.1.19':
    optional: true

  '@reflink/reflink-win32-x64-msvc@0.1.19':
    optional: true

  '@reflink/reflink@0.1.19':
    optionalDependencies:
      '@reflink/reflink-darwin-arm64': 0.1.19
      '@reflink/reflink-darwin-x64': 0.1.19
      '@reflink/reflink-linux-arm64-gnu': 0.1.19
      '@reflink/reflink-linux-arm64-musl': 0.1.19
      '@reflink/reflink-linux-x64-gnu': 0.1.19
      '@reflink/reflink-linux-x64-musl': 0.1.19
      '@reflink/reflink-win32-arm64-msvc': 0.1.19
      '@reflink/reflink-win32-x64-msvc': 0.1.19

  detect-libc@2.1.2: {}

  pnpm@11.6.0: {}

---
lockfileVersion: '9.0'

settings:
  autoInstallPeers: true
  excludeLinksFromLockfile: false

importers:

  .: {}

  api:
    dependencies:
      '@hono/node-server':
        specifier: ^1.19.14
        version: 1.19.14(hono@4.12.25)
      '@hono/zod-openapi':
        specifier: ^1.4.0
        version: 1.4.0(hono@4.12.25)(zod@4.4.3)
      '@scalar/hono-api-reference':
        specifier: ^0.11.3
        version: 0.11.3(hono@4.12.25)
      dotenv:
        specifier: ^17.4.2
        version: 17.4.2
      exif-reader:
        specifier: ^2.0.3
        version: 2.0.3
      hono:
        specifier: ^4.12.25
        version: 4.12.25
      pdf-lib:
        specifier: ^1.17.1
        version: 1.17.1
      pino:
        specifier: ^10.3.1
        version: 10.3.1
      sharp:
        specifier: ^0.35.1
        version: 0.35.1
      zod:
        specifier: ^4.4.3
        version: 4.4.3
    devDependencies:
      '@types/node':
        specifier: ^20.19.43
        version: 20.19.43
      pino-pretty:
        specifier: ^13.1.3
        version: 13.1.3
      tsx:
        specifier: ^4.22.4
        version: 4.22.4
      typescript:
        specifier: ^5.9.3
        version: 5.9.3

packages:

  '@asteasolutions/zod-to-openapi@8.5.0':
    resolution: {integrity: sha512-SABbKiObg5dLRiTFnqiW1WWwGcg1BJfmHtT2asIBnBHg6Smy/Ms2KHc650+JI4Hw7lSkdiNebEGXpwoxfben8Q==}
    peerDependencies:
      zod: ^4.0.0

  '@emnapi/runtime@1.11.1':
    resolution: {integrity: sha512-vgj7R3y3Wgx24IQaGPA/R6YFXLHVMOZ0uVEyIQPaWs+rd1AzfEMXlAC22FYwO1XkKR6NPsq7mUandH8oIRdZFw==}

  '@esbuild/aix-ppc64@0.28.1':
    resolution: {integrity: sha512-Svl7tq8k/08+p6CXPpRjQ1fKX+1odH/BQbb48fV6fj3CWHhsoIOoY87w1oHXm0qEpkIK3ZfVgp0hed3XBXzXMQ==}
    engines: {node: '>=18'}
    cpu: [ppc64]
    os: [aix]

  '@esbuild/android-arm64@0.28.1':
    resolution: {integrity: sha512-34EGEbCIAgosYz6goLcopX6Mo7NyGv9tfwEM2/7Ce2VcVRk568iSvniGWcUXIy7wEDR1wzolcxcriFVrWYcwBg==}
    engines: {node: '>=18'}
    cpu: [arm64]
    os: [android]

  '@esbuild/android-arm@0.28.1':
    resolution: {integrity: sha512-0k2F129Xdio1TdJfzJ8sy1Q47vUD2NnwdhiAf7drUN1EBTfPf4hsFCtmMgu/6m8JSzsBrlmVjudMBQqOfG8usQ==}
    engines: {node: '>=18'}
    cpu: [arm]
    os: [android]

  '@esbuild/android-x64@0.28.1':
    resolution: {integrity: sha512-dbwY7ltSMDWsRatcRpCnES4F+im88OCUgGZjy52shC7GqHRE/cYlxNbB4Z4UpJswpcc4Qxd2oE/ufM0p61IKng==}
    engines: {node: '>=18'}
    cpu: [x64]
    os: [android]

  '@esbuild/darwin-arm64@0.28.1':
    resolution: {integrity: sha512-TZbWkQY7kvTAXbXUT7uVACR5cMHsDiSz9z7ZKAX/RTq/WJEk3QyRr0wZpNhBDX+/0CtdqUIJlOiodQcta6tY3Q==}
    engines: {node: '>=18'}
    cpu: [arm64]
    os: [darwin]

  '@esbuild/darwin-x64@0.28.1':
    resolution: {integrity: sha512-zfdzgK9ACBNZLI/CyHTOx81SyNbM6YXn7rxSgX97VjyiPl9W1i4Ka4fgKECEoFCKGpvBj5qArWIGgQjOwkgskQ==}
    engines: {node: '>=18'}
    cpu: [x64]
    os: [darwin]

  '@esbuild/freebsd-arm64@0.28.1':
    resolution: {integrity: sha512-wG2EA8ENdEI0qhkSZMjfqrdY+ziCYCPMmtZjjIwOmXFjmyzEHn+UUxk5of+SYsjtfs3VpnlC7QLzSI5hY/rOAw==}
    engines: {node: '>=18'}
    cpu: [arm64]
    os: [freebsd]

  '@esbuild/freebsd-x64@0.28.1':
    resolution: {integrity: sha512-i7dZ9vQgnvSCzi/rYCXNgtF/U+eKZNJBzu3eTQbRgHnM7tNSizLOkRFAl3qzVc/Op/u5YkHHa4pf/3DOYHthLQ==}
    engines: {node: '>=18'}
    cpu: [x64]
    os: [freebsd]

  '@esbuild/linux-arm64@0.28.1':
    resolution: {integrity: sha512-yHs+0uc8+nvEAfAfxrWQKK5peSNzBc4PegcMO0EJ2hT71uA7vB8Ihg2e77R2P7SG5uYjPbHlLLmve4LLLRCf0g==}
    engines: {node: '>=18'}
    cpu: [arm64]
    os: [linux]

  '@esbuild/linux-arm@0.28.1':
    resolution: {integrity: sha512-qVXBOHQS+d5Y722GwJzJUtOLlX7km3CraOaGormF1pDtPd2C/l1SHRPgjLunLGe51Sh5YYWKMFDyV4SxgMQYTQ==}
    engines: {node: '>=18'}
    cpu: [arm]
    os: [linux]

  '@esbuild/linux-ia32@0.28.1':
    resolution: {integrity: sha512-d1z4ZuP0ajrfz/FhGT4vv278rX8KnPPJx8i5+AtK7TYbx9Le9F1hyzurZpkEyjkGa9dUGhQow4C1NmeGvqxN2w==}
    engines: {node: '>=18'}
    cpu: [ia32]
    os: [linux]

  '@esbuild/linux-loong64@0.28.1':
    resolution: {integrity: sha512-M5sRjUVZrkm1OAPR3dlOYzNmN+loZKGVi1VUQGrwuqLcbR6qeAz+famMhjASeH3YVKvZz+zT1jlh/keC3Rj/lg==}
    engines: {node: '>=18'}
    cpu: [loong64]
    os: [linux]

  '@esbuild/linux-mips64el@0.28.1':
    resolution: {integrity: sha512-mRObBZeHh2OxcBFPWE/FjylkRgZdYuiTR3vaTozquCGOH14iP9oN4x4Ge81CoIDYQrXmIxpFumJBu5MtZpnQJQ==}
    engines: {node: '>=18'}
    cpu: [mips64el]
    os: [linux]

  '@esbuild/linux-ppc64@0.28.1':
    resolution: {integrity: sha512-slScBsMAb3GFDcdrCgLwZtPYRoH2H/youv10QiZyRjmsP48fznoveWytSgCI/R0ZcUgpc0ZhIUEx6LHts8yrfQ==}
    engines: {node: '>=18'}
    cpu: [ppc64]
    os: [linux]

  '@esbuild/linux-riscv64@0.28.1':
    resolution: {integrity: sha512-kw0owk1o0GFETUJyW0jc0G4Yzs0BHZn0JDZ8JRT088vjJYX777BAs1fDGxAC+q831qOs2DTC96mNsG2opdfyyQ==}
    engines: {node: '>=18'}
    cpu: [riscv64]
    os: [linux]

  '@esbuild/linux-s390x@0.28.1':
    resolution: {integrity: sha512-/lAIjX8aYFRByhh6L5rYtPEDRqa9de/4V/juOXcta5frjvzXO4/sqEtyytse0g3zZFuWu5cDN0MkLz2qRDD2Ag==}
    engines: {node: '>=18'}
    cpu: [s390x]
    os: [linux]

  '@esbuild/linux-x64@0.28.1':
    resolution: {integrity: sha512-u/anNYF2mmVOEDwLtnQ1wOr3EZ9sTNGLWrsYGYwHWzGA3Si84IOkHXlbWTD1NB+9/1lcnweYKO54uhxZydNzfA==}
    engines: {node: '>=18'}
    cpu: [x64]
    os: [linux]

  '@esbuild/netbsd-arm64@0.28.1':
    resolution: {integrity: sha512-oks0DYbLwWMmaakTsCb+zL4E+aHRVLom9IJZOAthMQEPiQmydXHkziYEsGYRx0uNV/IjEKGAV941JzH02pflqw==}
    engines: {node: '>=18'}
    cpu: [arm64]
    os: [netbsd]

  '@esbuild/netbsd-x64@0.28.1':
    resolution: {integrity: sha512-aeL6lAnN89Hz43Mlh1G8ARasbuoYvSITDEx0tHh5b7jJnHcssqgjy9Yx430GDpmCa6OyrKoS0aNRjKundRizGg==}
    engines: {node: '>=18'}
    cpu: [x64]
    os: [netbsd]

  '@esbuild/openbsd-arm64@0.28.1':
    resolution: {integrity: sha512-MEFJe5C3R8pwXdZ5Y21oo6m7ePiS0d9pWucn99O/wvyJZChoIQKrQDxKrGeW8F5+T0okTHesAmDeiHDTIq0V/Q==}
    engines: {node: '>=18'}
    cpu: [arm64]
    os: [openbsd]

  '@esbuild/openbsd-x64@0.28.1':
    resolution: {integrity: sha512-i/ZLIOafE0Z8cI/XANJAixoJL/uRAoS2xOA3rb0xN+KK0K177cMAsQYkzHtBrtMXAKuAc7HGgcWiZ/sRC1Nxgw==}
    engines: {node: '>=18'}
    cpu: [x64]
    os: [openbsd]

  '@esbuild/openharmony-arm64@0.28.1':
    resolution: {integrity: sha512-ge+Z7EXFNt2BO1oAMsVpiQ8EwndV9i1xXerAeTIK7AtPs3bKFXQM7nlRxDSIUIMeueR1CNXxqztLzdNeReKBJg==}
    engines: {node: '>=18'}
    cpu: [arm64]
    os: [openharmony]

  '@esbuild/sunos-x64@0.28.1':
    resolution: {integrity: sha512-BEjgtECkL3vY+SaSQ6nzVfiALUeFxpawyp8Jmf5PtYhf1Ug40N1h/hxlhts+f1FvSvarEigdxS3BlSMI2PJLcQ==}
    engines: {node: '>=18'}
    cpu: [x64]
    os: [sunos]

  '@esbuild/win32-arm64@0.28.1':
    resolution: {integrity: sha512-lCv9eK/H6ZJWbE7bh2nw54CZ9M2nupBxJcTsdk/QQnWkdSjKGuxmmH8/GWrlT1eMmZfn4dGcCjRte397WqfQXA==}
    engines: {node: '>=18'}
    cpu: [arm64]
    os: [win32]

  '@esbuild/win32-ia32@0.28.1':
    resolution: {integrity: sha512-zvb/mB2bSCoJOpoCBgYKKpX6YM6mJBlBUVUtVj41DlZJVEB6/0CKlRYxP5wWl1C1ILiCoAU5wZZ4q1P3qeS6Eg==}
    engines: {node: '>=18'}
    cpu: [ia32]
    os: [win32]

  '@esbuild/win32-x64@0.28.1':
    resolution: {integrity: sha512-bm4Mowrv+GXMlpWX++EcXw/iLyd1o3+bJkC2DkWXYVvgZCqD/bSj9ctZeAMC3cIxgjRVR2Dufaiu4YPxr5gW1A==}
    engines: {node: '>=18'}
    cpu: [x64]
    os: [win32]

  '@hono/node-server@1.19.14':
    resolution: {integrity: sha512-GwtvgtXxnWsucXvbQXkRgqksiH2Qed37H9xHZocE5sA3N8O8O8/8FA3uclQXxXVzc9XBZuEOMK7+r02FmSpHtw==}
    engines: {node: '>=18.14.1'}
    peerDependencies:
      hono: ^4

  '@hono/zod-openapi@1.4.0':
    resolution: {integrity: sha512-AFchqR1N/NxfI4hUOSGI2/g8zLROxA1OE7Oh5JJFlTaGxhrdRyH+93gd0tIBpb0z8s9r8hUoNnaOBfHbdb4NMw==}
    engines: {node: '>=16.0.0'}
    peerDependencies:
      hono: '>=4.10.0'
      zod: ^4.0.0

  '@hono/zod-validator@0.8.0':
    resolution: {integrity: sha512-5uS4S1/LKtZQYvD4BtpPUFkOv8d1wNxHHrChm26buMiEYc1FrHWvDUaKVBwkiVtvSExHSpLGDvcnpI2Copyj9w==}
    peerDependencies:
      hono: '>=4.10.0'
      zod: ^3.25.0 || ^4.0.0

  '@img/colour@1.1.0':
    resolution: {integrity: sha512-Td76q7j57o/tLVdgS746cYARfSyxk8iEfRxewL9h4OMzYhbW4TAcppl0mT4eyqXddh6L/jwoM75mo7ixa/pCeQ==}
    engines: {node: '>=18'}

  '@img/sharp-darwin-arm64@0.35.1':
    resolution: {integrity: sha512-T15JRWOubQ3f5+GxnWeIvo47u5qV0M9HBgJhT+f2gE1e9e6OhR6K73Re52Hm80qWcu1DNb3GweKmpr/MnuP2Ow==}
    engines: {node: '>=20.9.0'}
    cpu: [arm64]
    os: [darwin]

  '@img/sharp-darwin-x64@0.35.1':
    resolution: {integrity: sha512-t1CPD0cr7XCHjwUj6tQ5MC0pCi866I+gUW6zbUX4aFPnKd1DFBtk0M+gWcjX8VeEzgfCNiSiNTVFZ6b7kvdbnQ==}
    engines: {node: '>=20.9.0'}
    cpu: [x64]
    os: [darwin]

  '@img/sharp-freebsd-wasm32@0.35.1':
    resolution: {integrity: sha512-MBSQXqNPThW9EcZ905H6N4sEdX5EwZEYzGx5EBq9ncDCGJALMiY1xPFJxNdzuB1iBjLOpIfxajM6YxdvwmQSLA==}
    engines: {node: '>=20.9.0'}
    os: [freebsd]

  '@img/sharp-libvips-darwin-arm64@1.3.0':
    resolution: {integrity: sha512-EKbmBKtyTH+GPFDRw2TgK2oV6hyxxlJVIar4hoTYSNmIwipgMFdxPQqR392GmfdsPGWga0mCFN1cCKjRb9cljw==}
    cpu: [arm64]
    os: [darwin]

  '@img/sharp-libvips-darwin-x64@1.3.0':
    resolution: {integrity: sha512-Pl2OmOvrJ42adUllESxBsG54PfXLo1OYg9i3c5/5Ln/qJ0gZuTM9YMhQJPIbXqwidLRc/c2zuHt4RsrymmNv7A==}
    cpu: [x64]
    os: [darwin]

  '@img/sharp-libvips-linux-arm64@1.3.0':
    resolution: {integrity: sha512-C0SqjoFKnszqa44EQ7xoaT48nnO0lOyXEULfXMWi8krrjOPGYkeK30Okzla6ATbBYsyZ0ySinK0FVkpv3DwzfQ==}
    cpu: [arm64]
    os: [linux]
    libc: [glibc]

  '@img/sharp-libvips-linux-arm@1.3.0':
    resolution: {integrity: sha512-A8UpHoUDW4DwnXoV6+q3C1s7QLRAHtPDEjWuNZjwHMyoCNZnm0GeNN8ls9f/bsEYTRQRW96C/n34XJQHJ2fT7A==}
    cpu: [arm]
    os: [linux]
    libc: [glibc]

  '@img/sharp-libvips-linux-ppc64@1.3.0':
    resolution: {integrity: sha512-WOpkVxAjFd369iaIzEgNRreFD+gWdUMIGD5zplhNKNeqS6mm5dac3q2AFyCBmzYoAdouzZvRBgxy4z8QHZb4/A==}
    cpu: [ppc64]
    os: [linux]
    libc: [glibc]

  '@img/sharp-libvips-linux-riscv64@1.3.0':
    resolution: {integrity: sha512-DRWw0mOHusrCCuw2rqP87oLg6PGlkomVDFqw2hIwsSfwWpu4k3XLcBPaKKl6ct/GtL/cwNkgwjV/tc0Mqht3VA==}
    cpu: [riscv64]
    os: [linux]
    libc: [glibc]

  '@img/sharp-libvips-linux-s390x@1.3.0':
    resolution: {integrity: sha512-9APy+nFWhHS+kzLgWZfLcyrUd7YqnAQVa4BPOo4xkoHpdoktOAPG4cEr9+Jpl0TtqfVmcMJimNL5qNTyyOHZNA==}
    cpu: [s390x]
    os: [linux]
    libc: [glibc]

  '@img/sharp-libvips-linux-x64@1.3.0':
    resolution: {integrity: sha512-y9RNUYDe2A1UAdhLyfeOodGRszQdaEoe4nfOpp/sNVPl2CWIcUyFaDoCh4vPLPxu19803j2naLqZup2WxDXCLA==}
    cpu: [x64]
    os: [linux]
    libc: [glibc]

  '@img/sharp-libvips-linuxmusl-arm64@1.3.0':
    resolution: {integrity: sha512-cC1wkC0Mlucd0KSiGrLkJnB/ZqPvZCntc/Lk7ZnYO5ZSbF2euNek4Xvxafojq+wN1q/W0eprdpUIjUr/EV2PBg==}
    cpu: [arm64]
    os: [linux]
    libc: [musl]

  '@img/sharp-libvips-linuxmusl-x64@1.3.0':
    resolution: {integrity: sha512-LiYMhUZicB1QG//+RvmYZpXJO8fYRENfp+MZUCnG9aw+AKvGAy9gPaCnuwsPcBFs8EV66M0NNxj9VHcNklE8zw==}
    cpu: [x64]
    os: [linux]
    libc: [musl]

  '@img/sharp-linux-arm64@0.35.1':
    resolution: {integrity: sha512-ErCRyGU7LeoaFBZ0xW8hhLlXzhAg80sc4vxePB86qvtEvW1jEhhmbiNBP4oEzZfPMnu6HwHXfzD2W2kBU+RnCw==}
    engines: {node: '>=20.9.0'}
    cpu: [arm64]
    os: [linux]
    libc: [glibc]

  '@img/sharp-linux-arm@0.35.1':
    resolution: {integrity: sha512-jygmR02PpCYypt7xB7nst1vqjZp/BpRA/Kf9nK7qRponJ/KrLPaZWEG4G15z1d2FZ6XqI+T0350ha3RSnKx24A==}
    engines: {node: '>=20.9.0'}
    cpu: [arm]
    os: [linux]
    libc: [glibc]

  '@img/sharp-linux-ppc64@0.35.1':
    resolution: {integrity: sha512-LUWZ2+r2UoLCd8j0RLCwQ4gL6w47+Y7igxtVnPIDXOOEjV86LpBkAHq5VpJeg+GHbw0KN/JWlPJOdZjyZnFqFQ==}
    engines: {node: '>=20.9.0'}
    cpu: [ppc64]
    os: [linux]
    libc: [glibc]

  '@img/sharp-linux-riscv64@0.35.1':
    resolution: {integrity: sha512-i7x6J3mwF4JgT0sM4V4WlAWdJ0bucPtA9rzO1bTji1n5qgBq/W5nn87RvOQPleuuxahNoLdTngByD8/vDDLArw==}
    engines: {node: '>=20.9.0'}
    cpu: [riscv64]
    os: [linux]
    libc: [glibc]

  '@img/sharp-linux-s390x@0.35.1':
    resolution: {integrity: sha512-0zSaTUjTF0kIWTSYxD4EG/nvCU4jez53+3RdURtoY3HvbXtIQ98W90JnrGz/oLRFuEnfIy9+7xeq883euc0ZWw==}
    engines: {node: '>=20.9.0'}
    cpu: [s390x]
    os: [linux]
    libc: [glibc]

  '@img/sharp-linux-x64@0.35.1':
    resolution: {integrity: sha512-NbJD4mWdeyrNQKluO/tR/wBDOelcowSVGNBWxI0e3ZtlXc6F/UOVKDj1MLD4zl3oHTuvKW3s+MA9N54YTldAYw==}
    engines: {node: '>=20.9.0'}
    cpu: [x64]
    os: [linux]
    libc: [glibc]

  '@img/sharp-linuxmusl-arm64@0.35.1':
    resolution: {integrity: sha512-VoW2sQCWI+0YIKQEmWJ8vzaQjTg9wIyfkFpvEfAS2h43X6iHu7GTk1hhOgB4IpSzCHe8UwQZIcx7b81VTaOrJA==}
    engines: {node: '>=20.9.0'}
    cpu: [arm64]
    os: [linux]
    libc: [musl]

  '@img/sharp-linuxmusl-x64@0.35.1':
    resolution: {integrity: sha512-LjBoSd/c5JU0/K5MwzDMlgsSRP2bPn98JQGFFQAOLQ0bU/1z4ekxUdSKY9BmlwSh/cA+OrvpgsWqfZyYfVHBRw==}
    engines: {node: '>=20.9.0'}
    cpu: [x64]
    os: [linux]
    libc: [musl]

  '@img/sharp-wasm32@0.35.1':
    resolution: {integrity: sha512-PCQUoQdZyE8tp3HpbevuihfUmgSP4qWI0FGEPWoeXqaS+cUrFfemabHQiebUmUmlUhCuNnQMxGrQ+CPqK4hnxg==}
    engines: {node: '>=20.9.0'}

  '@img/sharp-webcontainers-wasm32@0.35.1':
    resolution: {integrity: sha512-xU2ml2bU2OPxYVvW2A6ae4M1g5QKyhKG06P4FAt+YEaFQQO0919Qx+XxIZEUuWTMoDViLpMws2/dQwoe/VcA6A==}
    engines: {node: '>=20.9.0'}
    cpu: [wasm32]

  '@img/sharp-win32-arm64@0.35.1':
    resolution: {integrity: sha512-IkmHwuFhYpd3bTsN5SAahjwhiAcyXPooBt8vEUgxY3T0IP70sSJ0nU1xiPzZY8AH/OB1XpV3j8aZSVSOSfTbdA==}
    engines: {node: '>=20.9.0'}
    cpu: [arm64]
    os: [win32]

  '@img/sharp-win32-ia32@0.35.1':
    resolution: {integrity: sha512-wQahqCi9MD8Yxzg4gVM4fNrZxh+r6vD55PyIg+WJPaM5ZRUyF35iQpwJCuma3r6viU9/8Pxlc+XHV+woVa6nCQ==}
    engines: {node: ^20.9.0}
    cpu: [ia32]
    os: [win32]

  '@img/sharp-win32-x64@0.35.1':
    resolution: {integrity: sha512-WzBtkYtZHATLPe8XRharxZXxQ9cdLrQWHiwxt+BJ5rBsisQrKeeV86ErxPSVhcG6xCEuNhs0SqLpWr7XDa2k6w==}
    engines: {node: '>=20.9.0'}
    cpu: [x64]
    os: [win32]

  '@pdf-lib/standard-fonts@1.0.0':
    resolution: {integrity: sha512-hU30BK9IUN/su0Mn9VdlVKsWBS6GyhVfqjwl1FjZN4TxP6cCw0jP2w7V3Hf5uX7M0AZJ16vey9yE0ny7Sa59ZA==}

  '@pdf-lib/upng@1.0.1':
    resolution: {integrity: sha512-dQK2FUMQtowVP00mtIksrlZhdFXQZPC+taih1q4CvPZ5vqdxR/LKBaFg0oAfzd1GlHZXXSPdQfzQnt+ViGvEIQ==}

  '@pinojs/redact@0.4.0':
    resolution: {integrity: sha512-k2ENnmBugE/rzQfEcdWHcCY+/FM3VLzH9cYEsbdsoqrvzAKRhUZeRNhAZvB8OitQJ1TBed3yqWtdjzS6wJKBwg==}

  '@scalar/client-side-rendering@0.2.3':
    resolution: {integrity: sha512-AazrKedEZ/JR/ze9UGrWCqpRp9T88QlgBZWVOYC8QAMISz5CGUDZKqpayz2iwGzzZAtKF0VW/Y0sbL7ERTvn6w==}
    engines: {node: '>=22'}

  '@scalar/helpers@0.8.2':
    resolution: {integrity: sha512-qNbqUjSB3S4Gr4A0oANcm5G1Ip+EqBxICYKhe9YzmnaBpbmW6shxqpiivApTvvuDf+uIhR3uMwWyVQbYcGLsxA==}
    engines: {node: '>=22'}

  '@scalar/hono-api-reference@0.11.3':
    resolution: {integrity: sha512-dgBIOKeQnlXzL2G27sPbvlA7RHfp+BuEiNEZBRihdIaohhWDYaE4uw2OkPzeaMWHov+QYxsdgWc3IMIEVdnusw==}
    engines: {node: '>=22'}
    peerDependencies:
      hono: ^4.12.5

  '@scalar/schemas@0.4.3':
    resolution: {integrity: sha512-YZ/FcxM5ctZ65m07q5DOOUhuQA5SjZvnoyP6jCCfoiaQ/aVXTDF1vZ1+RMYhKqDwfV/QCW36k0H/38aG/8lNyA==}
    engines: {node: '>=22'}

  '@scalar/types@0.13.3':
    resolution: {integrity: sha512-+rtVPVC7UPDGaqvBZY8FjXI5cW2xJtJDVsOGuoevRUBkJb3feSiBkGIZxYy0JkJCl9wVUi/PqGEcut6Nb3RnJw==}
    engines: {node: '>=22'}

  '@scalar/validation@0.6.0':
    resolution: {integrity: sha512-tpmmG+/xRE2Kn9RpflU3AIyZv08v10+E1ZrJCx7z6+/91zHVxy0M73kC1LT4/8PbYNt85ywyC8+n+D99JdMcGA==}
    engines: {node: '>=20'}

  '@types/node@20.19.43':
    resolution: {integrity: sha512-6oYBAi5ikg4Pl+kGsoYtawUMBT2zZMCvPNF7pVLnHZfd1zf38DRiWn/gT01RYCdUqkv7Fhr+C9ot4/tb+2sVvA==}

  atomic-sleep@1.0.0:
    resolution: {integrity: sha512-kNOjDqAh7px0XWNI+4QbzoiR/nTkHAWNud2uvnJquD1/x5a7EQZMJT0AczqK0Qn67oY/TTQ1LbUKajZpp3I9tQ==}
    engines: {node: '>=8.0.0'}

  colorette@2.0.20:
    resolution: {integrity: sha512-IfEDxwoWIjkeXL1eXcDiow4UbKjhLdq6/EuSVR9GMN7KVH3r9gQ83e73hsz1Nd1T3ijd5xv1wcWRYO+D6kCI2w==}

  dateformat@4.6.3:
    resolution: {integrity: sha512-2P0p0pFGzHS5EMnhdxQi7aJN+iMheud0UhG4dlE1DLAlvL8JHjJJTX/CSm4JXwV0Ka5nGk3zC5mcb5bUQUxxMA==}

  detect-libc@2.1.2:
    resolution: {integrity: sha512-Btj2BOOO83o3WyH59e8MgXsxEQVcarkUOpEYrubB0urwnN10yQ364rsiByU11nZlqWYZm05i/of7io4mzihBtQ==}
    engines: {node: '>=8'}

  dotenv@17.4.2:
    resolution: {integrity: sha512-nI4U3TottKAcAD9LLud4Cb7b2QztQMUEfHbvhTH09bqXTxnSie8WnjPALV/WMCrJZ6UV/qHJ6L03OqO3LcdYZw==}
    engines: {node: '>=12'}

  end-of-stream@1.4.5:
    resolution: {integrity: sha512-ooEGc6HP26xXq/N+GCGOT0JKCLDGrq2bQUZrQ7gyrJiZANJ/8YDTxTpQBXGMn+WbIQXNVpyWymm7KYVICQnyOg==}

  esbuild@0.28.1:
    resolution: {integrity: sha512-HrJrvZv5ayxBzPfwphOoNzkzOIIlifzk0KJrGK2c8R4+LKpMtpYLQeUdjnwjWv/LZlkH2laZk+4w78pi99D4Vw==}
    engines: {node: '>=18'}
    hasBin: true

  exif-reader@2.0.3:
    resolution: {integrity: sha512-zFbQvguwT9JkqyYhR7pjE1Yn8SagwaGLNRU0Oh14xFa1paSf5Gzxn4gxgk0XhnudI0UIqU+HgnBX93+nva592A==}

  fast-copy@4.0.3:
    resolution: {integrity: sha512-58apWr0GUiDFM8+3afrO6eYwJBn9ZAhDOzG3L+/9llab/haCARS2UIfffmOurYLwbgDRs8n0rfr6qAAPEAuAQw==}

  fast-safe-stringify@2.1.1:
    resolution: {integrity: sha512-W+KJc2dmILlPplD/H4K9l9LcAHAfPtP6BY84uVLXQ6Evcz9Lcg33Y2z1IVblT6xdY54PXYVHEv+0Wpq8Io6zkA==}

  fsevents@2.3.3:
    resolution: {integrity: sha512-5xoDfX+fL7faATnagmWPpbFtwh/R77WmMMqqHGS65C3vvB0YHrgF+B1YmZ3441tMj5n63k0212XNoJwzlhffQw==}
    engines: {node: ^8.16.0 || ^10.6.0 || >=11.0.0}
    os: [darwin]

  help-me@5.0.0:
    resolution: {integrity: sha512-7xgomUX6ADmcYzFik0HzAxh/73YlKR9bmFzf51CZwR+b6YtzU2m0u49hQCqV6SvlqIqsaxovfwdvbnsw3b/zpg==}

  hono@4.12.25:
    resolution: {integrity: sha512-2NFaIyNVgJmBs/ecmtGzlmluTFs5cHEWGTdu0t1HBwYzoGXOL5nUQBRMXsXWla5i4KkG//QMzVP88m1+I3fdAQ==}
    engines: {node: '>=16.9.0'}

  joycon@3.1.1:
    resolution: {integrity: sha512-34wB/Y7MW7bzjKRjUKTa46I2Z7eV62Rkhva+KkopW7Qvv/OSWBqvkSY7vusOPrNuZcUG3tApvdVgNB8POj3SPw==}
    engines: {node: '>=10'}

  minimist@1.2.8:
    resolution: {integrity: sha512-2yyAR8qBkN3YuheJanUpWC5U3bb5osDywNB8RzDVlDwDHbocAJveqqj1u8+SVD7jkWT4yvsHCpWqqWqAxb0zCA==}

  nanoid@5.1.11:
    resolution: {integrity: sha512-v+KEsUv2ps74PaSKv0gHTxTCgMXOIfBEbaqa6w6ISIGC7ZsvHN4N9oJ8d4cmf0n5oTzQz2SLmThbQWhjd/8eKg==}
    engines: {node: ^18 || >=20}
    hasBin: true

  on-exit-leak-free@2.1.2:
    resolution: {integrity: sha512-0eJJY6hXLGf1udHwfNftBqH+g73EU4B504nZeKpz1sYRKafAghwxEJunB2O7rDZkL4PGfsMVnTXZ2EjibbqcsA==}
    engines: {node: '>=14.0.0'}

  once@1.4.0:
    resolution: {integrity: sha512-lNaJgI+2Q5URQBkccEKHTQOPaXdUxnZZElQTZY0MFUAuaEqe1E+Nyvgdz/aIyNi6Z9MzO5dv1H8n58/GELp3+w==}

  openapi3-ts@4.6.0:
    resolution: {integrity: sha512-a4sfn6L2sIShhtzJqmjGrARvxAW/3F2BJDdyRVvNF9VhAsZSh5hSyI3a9TNvmzBxXmq66nY5LNT5bQcBxYAZZg==}

  pako@1.0.11:
    resolution: {integrity: sha512-4hLB8Py4zZce5s4yd9XzopqwVv/yGNhV1Bl8NTmCq1763HeK2+EwVTv+leGeL13Dnh2wfbqowVPXCIO0z4taYw==}

  pdf-lib@1.17.1:
    resolution: {integrity: sha512-V/mpyJAoTsN4cnP31vc0wfNA1+p20evqqnap0KLoRUN0Yk/p3wN52DOEsL4oBFcLdb76hlpKPtzJIgo67j/XLw==}

  pino-abstract-transport@3.0.0:
    resolution: {integrity: sha512-wlfUczU+n7Hy/Ha5j9a/gZNy7We5+cXp8YL+X+PG8S0KXxw7n/JXA3c46Y0zQznIJ83URJiwy7Lh56WLokNuxg==}

  pino-pretty@13.1.3:
    resolution: {integrity: sha512-ttXRkkOz6WWC95KeY9+xxWL6AtImwbyMHrL1mSwqwW9u+vLp/WIElvHvCSDg0xO/Dzrggz1zv3rN5ovTRVowKg==}
    hasBin: true

  pino-std-serializers@7.1.0:
    resolution: {integrity: sha512-BndPH67/JxGExRgiX1dX0w1FvZck5Wa4aal9198SrRhZjH3GxKQUKIBnYJTdj2HDN3UQAS06HlfcSbQj2OHmaw==}

  pino@10.3.1:
    resolution: {integrity: sha512-r34yH/GlQpKZbU1BvFFqOjhISRo1MNx1tWYsYvmj6KIRHSPMT2+yHOEb1SG6NMvRoHRF0a07kCOox/9yakl1vg==}
    hasBin: true

  process-warning@5.0.0:
    resolution: {integrity: sha512-a39t9ApHNx2L4+HBnQKqxxHNs1r7KF+Intd8Q/g1bUh6q0WIp9voPXJ/x0j+ZL45KF1pJd9+q2jLIRMfvEshkA==}

  pump@3.0.4:
    resolution: {integrity: sha512-VS7sjc6KR7e1ukRFhQSY5LM2uBWAUPiOPa/A3mkKmiMwSmRFUITt0xuj+/lesgnCv+dPIEYlkzrcyXgquIHMcA==}

  quick-format-unescaped@4.0.4:
    resolution: {integrity: sha512-tYC1Q1hgyRuHgloV/YXs2w15unPVh8qfu/qCTfhTYamaw7fyhumKa2yGpdSo87vY32rIclj+4fWYQXUMs9EHvg==}

  real-require@0.2.0:
    resolution: {integrity: sha512-57frrGM/OCTLqLOAh0mhVA9VBMHd+9U7Zb2THMGdBUoZVOtGbJzjxsYGDJ3A9AYYCP4hn6y1TVbaOfzWtm5GFg==}
    engines: {node: '>= 12.13.0'}

  real-require@1.0.0:
    resolution: {integrity: sha512-P4nbQYQfePJxRSmY+v/KINxVucm4NF3p3s7pJveMTtom52FR4YGltUQLB8idDXwDDWW+eYrWDFbuzUnjoWHF7g==}

  safe-stable-stringify@2.5.0:
    resolution: {integrity: sha512-b3rppTKm9T+PsVCBEOUR46GWI7fdOs00VKZ1+9c1EWDaDMvjQc6tUwuFyIprgGgTcWoVHSKrU8H31ZHA2e0RHA==}
    engines: {node: '>=10'}

  secure-json-parse@4.1.0:
    resolution: {integrity: sha512-l4KnYfEyqYJxDwlNVyRfO2E4NTHfMKAWdUuA8J0yve2Dz/E/PdBepY03RvyJpssIpRFwJoCD55wA+mEDs6ByWA==}

  semver@7.8.4:
    resolution: {integrity: sha512-rUCObTnP32Q08R2uuIrt7r9PlEonuTmtuXYcW6s5kjdlj3xbnwe+21yXptAUYcMAABLkYYTtnmzb3w3EDZfueA==}
    engines: {node: '>=10'}
    hasBin: true

  sharp@0.35.1:
    resolution: {integrity: sha512-lW979AMi+ESidzMv/Lnv+F9bknzLyxLqFI05Sm433vOeRcltgxQmXpnfOOFIAlKtwXU/ksupm2srQoFCkR214g==}
    engines: {node: '>=20.9.0'}

  sonic-boom@4.2.1:
    resolution: {integrity: sha512-w6AxtubXa2wTXAUsZMMWERrsIRAdrK0Sc+FUytWvYAhBJLyuI4llrMIC1DtlNSdI99EI86KZum2MMq3EAZlF9Q==}

  split2@4.2.0:
    resolution: {integrity: sha512-UcjcJOWknrNkF6PLX83qcHM6KHgVKNkV62Y8a5uYDVv9ydGQVwAHMKqHdJje1VTWpljG0WYpCDhrCdAOYH4TWg==}
    engines: {node: '>= 10.x'}

  strip-json-comments@5.0.3:
    resolution: {integrity: sha512-1tB5mhVo7U+ETBKNf92xT4hrQa3pm0MZ0PQvuDnWgAAGHDsfp4lPSpiS6psrSiet87wyGPh9ft6wmhOMQ0hDiw==}
    engines: {node: '>=14.16'}

  tagged-tag@1.0.0:
    resolution: {integrity: sha512-yEFYrVhod+hdNyx7g5Bnkkb0G6si8HJurOoOEgC8B/O0uXLHlaey/65KRv6cuWBNhBgHKAROVpc7QyYqE5gFng==}
    engines: {node: '>=20'}

  thread-stream@4.2.0:
    resolution: {integrity: sha512-e2zZ96wSChazBsbENf/Pcm/4swHt2cEKQ92rhUjkL9GCKiTDJIaTBenjE/m9DXi0QBmTMDkFDdOomUy20A1tDQ==}
    engines: {node: '>=20'}

  tslib@1.14.1:
    resolution: {integrity: sha512-Xni35NKzjgMrwevysHTCArtLDpPvye8zV/0E4EyYn43P7/7qvQwPh9BGkHewbMulVntbigmcT7rdX3BNo9wRJg==}

  tslib@2.8.1:
    resolution: {integrity: sha512-oJFu94HQb+KVduSUQL7wnpmqnfmLsOA/nAh6b6EH0wCEoK0/mPeXU6c3wKDV83MkOuHPRHtSXKKU99IBazS/2w==}

  tsx@4.22.4:
    resolution: {integrity: sha512-X8EX+XV4QR5xCsrgxaED954zTDfY8KqlDtskKEL0cHhyS/P8b4IFOvGDQpsC9Q1XnLq915wEfwwY/zzskCtmhg==}
    engines: {node: '>=18.0.0'}
    hasBin: true

  type-fest@5.7.0:
    resolution: {integrity: sha512-1URUxUqfHFM1c+zfSPsa3gnkO7Aq21qyH75SIduNYz4SzY964rn1X2vCMQaHSHhktiw+0kPa2iyb6PUpXqB6Vg==}
    engines: {node: '>=20'}

  typescript@5.9.3:
    resolution: {integrity: sha512-jl1vZzPDinLr9eUt3J/t7V6FgNEw9QjvBPdysz9KfQDD41fQrC2Y4vKQdiaUpFT4bXlb1RHhLpp8wtm6M5TgSw==}
    engines: {node: '>=14.17'}
    hasBin: true

  undici-types@6.21.0:
    resolution: {integrity: sha512-iwDZqg0QAGrg9Rav5H4n0M64c3mkR59cJ6wQp+7C4nI0gsmExaedaYLNO44eT4AtBBwjbTiGPMlt2Md0T9H9JQ==}

  wrappy@1.0.2:
    resolution: {integrity: sha512-l4Sp/DRseor9wL6EvV2+TuQn63dMkPjZ/sp9XkghTEbV9KlPS1xUsZ3u7/IQO4wxtcFB4bgpQPRcR3QCvezPcQ==}

  yaml@2.9.0:
    resolution: {integrity: sha512-2AvhNX3mb8zd6Zy7INTtSpl1F15HW6Wnqj0srWlkKLcpYl/gMIMJiyuGq2KeI2YFxUPjdlB+3Lc10seMLtL4cA==}
    engines: {node: '>= 14.6'}
    hasBin: true

  zod@4.4.3:
    resolution: {integrity: sha512-ytENFjIJFl2UwYglde2jchW2Hwm4GJFLDiSXWdTrJQBIN9Fcyp7n4DhxJEiWNAJMV1/BqWfW/kkg71UDcHJyTQ==}

snapshots:

  '@asteasolutions/zod-to-openapi@8.5.0(zod@4.4.3)':
    dependencies:
      openapi3-ts: 4.6.0
      zod: 4.4.3

  '@emnapi/runtime@1.11.1':
    dependencies:
      tslib: 2.8.1
    optional: true

  '@esbuild/aix-ppc64@0.28.1':
    optional: true

  '@esbuild/android-arm64@0.28.1':
    optional: true

  '@esbuild/android-arm@0.28.1':
    optional: true

  '@esbuild/android-x64@0.28.1':
    optional: true

  '@esbuild/darwin-arm64@0.28.1':
    optional: true

  '@esbuild/darwin-x64@0.28.1':
    optional: true

  '@esbuild/freebsd-arm64@0.28.1':
    optional: true

  '@esbuild/freebsd-x64@0.28.1':
    optional: true

  '@esbuild/linux-arm64@0.28.1':
    optional: true

  '@esbuild/linux-arm@0.28.1':
    optional: true

  '@esbuild/linux-ia32@0.28.1':
    optional: true

  '@esbuild/linux-loong64@0.28.1':
    optional: true

  '@esbuild/linux-mips64el@0.28.1':
    optional: true

  '@esbuild/linux-ppc64@0.28.1':
    optional: true

  '@esbuild/linux-riscv64@0.28.1':
    optional: true

  '@esbuild/linux-s390x@0.28.1':
    optional: true

  '@esbuild/linux-x64@0.28.1':
    optional: true

  '@esbuild/netbsd-arm64@0.28.1':
    optional: true

  '@esbuild/netbsd-x64@0.28.1':
    optional: true

  '@esbuild/openbsd-arm64@0.28.1':
    optional: true

  '@esbuild/openbsd-x64@0.28.1':
    optional: true

  '@esbuild/openharmony-arm64@0.28.1':
    optional: true

  '@esbuild/sunos-x64@0.28.1':
    optional: true

  '@esbuild/win32-arm64@0.28.1':
    optional: true

  '@esbuild/win32-ia32@0.28.1':
    optional: true

  '@esbuild/win32-x64@0.28.1':
    optional: true

  '@hono/node-server@1.19.14(hono@4.12.25)':
    dependencies:
      hono: 4.12.25

  '@hono/zod-openapi@1.4.0(hono@4.12.25)(zod@4.4.3)':
    dependencies:
      '@asteasolutions/zod-to-openapi': 8.5.0(zod@4.4.3)
      '@hono/zod-validator': 0.8.0(hono@4.12.25)(zod@4.4.3)
      hono: 4.12.25
      openapi3-ts: 4.6.0
      zod: 4.4.3

  '@hono/zod-validator@0.8.0(hono@4.12.25)(zod@4.4.3)':
    dependencies:
      hono: 4.12.25
      zod: 4.4.3

  '@img/colour@1.1.0': {}

  '@img/sharp-darwin-arm64@0.35.1':
    optionalDependencies:
      '@img/sharp-libvips-darwin-arm64': 1.3.0
    optional: true

  '@img/sharp-darwin-x64@0.35.1':
    optionalDependencies:
      '@img/sharp-libvips-darwin-x64': 1.3.0
    optional: true

  '@img/sharp-freebsd-wasm32@0.35.1':
    dependencies:
      '@img/sharp-wasm32': 0.35.1
    optional: true

  '@img/sharp-libvips-darwin-arm64@1.3.0':
    optional: true

  '@img/sharp-libvips-darwin-x64@1.3.0':
    optional: true

  '@img/sharp-libvips-linux-arm64@1.3.0':
    optional: true

  '@img/sharp-libvips-linux-arm@1.3.0':
    optional: true

  '@img/sharp-libvips-linux-ppc64@1.3.0':
    optional: true

  '@img/sharp-libvips-linux-riscv64@1.3.0':
    optional: true

  '@img/sharp-libvips-linux-s390x@1.3.0':
    optional: true

  '@img/sharp-libvips-linux-x64@1.3.0':
    optional: true

  '@img/sharp-libvips-linuxmusl-arm64@1.3.0':
    optional: true

  '@img/sharp-libvips-linuxmusl-x64@1.3.0':
    optional: true

  '@img/sharp-linux-arm64@0.35.1':
    optionalDependencies:
      '@img/sharp-libvips-linux-arm64': 1.3.0
    optional: true

  '@img/sharp-linux-arm@0.35.1':
    optionalDependencies:
      '@img/sharp-libvips-linux-arm': 1.3.0
    optional: true

  '@img/sharp-linux-ppc64@0.35.1':
    optionalDependencies:
      '@img/sharp-libvips-linux-ppc64': 1.3.0
    optional: true

  '@img/sharp-linux-riscv64@0.35.1':
    optionalDependencies:
      '@img/sharp-libvips-linux-riscv64': 1.3.0
    optional: true

  '@img/sharp-linux-s390x@0.35.1':
    optionalDependencies:
      '@img/sharp-libvips-linux-s390x': 1.3.0
    optional: true

  '@img/sharp-linux-x64@0.35.1':
    optionalDependencies:
      '@img/sharp-libvips-linux-x64': 1.3.0
    optional: true

  '@img/sharp-linuxmusl-arm64@0.35.1':
    optionalDependencies:
      '@img/sharp-libvips-linuxmusl-arm64': 1.3.0
    optional: true

  '@img/sharp-linuxmusl-x64@0.35.1':
    optionalDependencies:
      '@img/sharp-libvips-linuxmusl-x64': 1.3.0
    optional: true

  '@img/sharp-wasm32@0.35.1':
    dependencies:
      '@emnapi/runtime': 1.11.1
    optional: true

  '@img/sharp-webcontainers-wasm32@0.35.1':
    dependencies:
      '@img/sharp-wasm32': 0.35.1
    optional: true

  '@img/sharp-win32-arm64@0.35.1':
    optional: true

  '@img/sharp-win32-ia32@0.35.1':
    optional: true

  '@img/sharp-win32-x64@0.35.1':
    optional: true

  '@pdf-lib/standard-fonts@1.0.0':
    dependencies:
      pako: 1.0.11

  '@pdf-lib/upng@1.0.1':
    dependencies:
      pako: 1.0.11

  '@pinojs/redact@0.4.0': {}

  '@scalar/client-side-rendering@0.2.3':
    dependencies:
      '@scalar/schemas': 0.4.3
      '@scalar/types': 0.13.3
      '@scalar/validation': 0.6.0

  '@scalar/helpers@0.8.2': {}

  '@scalar/hono-api-reference@0.11.3(hono@4.12.25)':
    dependencies:
      '@scalar/client-side-rendering': 0.2.3
      hono: 4.12.25

  '@scalar/schemas@0.4.3':
    dependencies:
      '@scalar/helpers': 0.8.2
      '@scalar/validation': 0.6.0

  '@scalar/types@0.13.3':
    dependencies:
      '@scalar/helpers': 0.8.2
      nanoid: 5.1.11
      type-fest: 5.7.0
      zod: 4.4.3

  '@scalar/validation@0.6.0': {}

  '@types/node@20.19.43':
    dependencies:
      undici-types: 6.21.0

  atomic-sleep@1.0.0: {}

  colorette@2.0.20: {}

  dateformat@4.6.3: {}

  detect-libc@2.1.2: {}

  dotenv@17.4.2: {}

  end-of-stream@1.4.5:
    dependencies:
      once: 1.4.0

  esbuild@0.28.1:
    optionalDependencies:
      '@esbuild/aix-ppc64': 0.28.1
      '@esbuild/android-arm': 0.28.1
      '@esbuild/android-arm64': 0.28.1
      '@esbuild/android-x64': 0.28.1
      '@esbuild/darwin-arm64': 0.28.1
      '@esbuild/darwin-x64': 0.28.1
      '@esbuild/freebsd-arm64': 0.28.1
      '@esbuild/freebsd-x64': 0.28.1
      '@esbuild/linux-arm': 0.28.1
      '@esbuild/linux-arm64': 0.28.1
      '@esbuild/linux-ia32': 0.28.1
      '@esbuild/linux-loong64': 0.28.1
      '@esbuild/linux-mips64el': 0.28.1
      '@esbuild/linux-ppc64': 0.28.1
      '@esbuild/linux-riscv64': 0.28.1
      '@esbuild/linux-s390x': 0.28.1
      '@esbuild/linux-x64': 0.28.1
      '@esbuild/netbsd-arm64': 0.28.1
      '@esbuild/netbsd-x64': 0.28.1
      '@esbuild/openbsd-arm64': 0.28.1
      '@esbuild/openbsd-x64': 0.28.1
      '@esbuild/openharmony-arm64': 0.28.1
      '@esbuild/sunos-x64': 0.28.1
      '@esbuild/win32-arm64': 0.28.1
      '@esbuild/win32-ia32': 0.28.1
      '@esbuild/win32-x64': 0.28.1

  exif-reader@2.0.3: {}

  fast-copy@4.0.3: {}

  fast-safe-stringify@2.1.1: {}

  fsevents@2.3.3:
    optional: true

  help-me@5.0.0: {}

  hono@4.12.25: {}

  joycon@3.1.1: {}

  minimist@1.2.8: {}

  nanoid@5.1.11: {}

  on-exit-leak-free@2.1.2: {}

  once@1.4.0:
    dependencies:
      wrappy: 1.0.2

  openapi3-ts@4.6.0:
    dependencies:
      yaml: 2.9.0

  pako@1.0.11: {}

  pdf-lib@1.17.1:
    dependencies:
      '@pdf-lib/standard-fonts': 1.0.0
      '@pdf-lib/upng': 1.0.1
      pako: 1.0.11
      tslib: 1.14.1

  pino-abstract-transport@3.0.0:
    dependencies:
      split2: 4.2.0

  pino-pretty@13.1.3:
    dependencies:
      colorette: 2.0.20
      dateformat: 4.6.3
      fast-copy: 4.0.3
      fast-safe-stringify: 2.1.1
      help-me: 5.0.0
      joycon: 3.1.1
      minimist: 1.2.8
      on-exit-leak-free: 2.1.2
      pino-abstract-transport: 3.0.0
      pump: 3.0.4
      secure-json-parse: 4.1.0
      sonic-boom: 4.2.1
      strip-json-comments: 5.0.3

  pino-std-serializers@7.1.0: {}

  pino@10.3.1:
    dependencies:
      '@pinojs/redact': 0.4.0
      atomic-sleep: 1.0.0
      on-exit-leak-free: 2.1.2
      pino-abstract-transport: 3.0.0
      pino-std-serializers: 7.1.0
      process-warning: 5.0.0
      quick-format-unescaped: 4.0.4
      real-require: 0.2.0
      safe-stable-stringify: 2.5.0
      sonic-boom: 4.2.1
      thread-stream: 4.2.0

  process-warning@5.0.0: {}

  pump@3.0.4:
    dependencies:
      end-of-stream: 1.4.5
      once: 1.4.0

  quick-format-unescaped@4.0.4: {}

  real-require@0.2.0: {}

  real-require@1.0.0: {}

  safe-stable-stringify@2.5.0: {}

  secure-json-parse@4.1.0: {}

  semver@7.8.4: {}

  sharp@0.35.1:
    dependencies:
      '@img/colour': 1.1.0
      detect-libc: 2.1.2
      semver: 7.8.4
    optionalDependencies:
      '@img/sharp-darwin-arm64': 0.35.1
      '@img/sharp-darwin-x64': 0.35.1
      '@img/sharp-freebsd-wasm32': 0.35.1
      '@img/sharp-libvips-darwin-arm64': 1.3.0
      '@img/sharp-libvips-darwin-x64': 1.3.0
      '@img/sharp-libvips-linux-arm': 1.3.0
      '@img/sharp-libvips-linux-arm64': 1.3.0
      '@img/sharp-libvips-linux-ppc64': 1.3.0
      '@img/sharp-libvips-linux-riscv64': 1.3.0
      '@img/sharp-libvips-linux-s390x': 1.3.0
      '@img/sharp-libvips-linux-x64': 1.3.0
      '@img/sharp-libvips-linuxmusl-arm64': 1.3.0
      '@img/sharp-libvips-linuxmusl-x64': 1.3.0
      '@img/sharp-linux-arm': 0.35.1
      '@img/sharp-linux-arm64': 0.35.1
      '@img/sharp-linux-ppc64': 0.35.1
      '@img/sharp-linux-riscv64': 0.35.1
      '@img/sharp-linux-s390x': 0.35.1
      '@img/sharp-linux-x64': 0.35.1
      '@img/sharp-linuxmusl-arm64': 0.35.1
      '@img/sharp-linuxmusl-x64': 0.35.1
      '@img/sharp-webcontainers-wasm32': 0.35.1
      '@img/sharp-win32-arm64': 0.35.1
      '@img/sharp-win32-ia32': 0.35.1
      '@img/sharp-win32-x64': 0.35.1

  sonic-boom@4.2.1:
    dependencies:
      atomic-sleep: 1.0.0

  split2@4.2.0: {}

  strip-json-comments@5.0.3: {}

  tagged-tag@1.0.0: {}

  thread-stream@4.2.0:
    dependencies:
      real-require: 1.0.0

  tslib@1.14.1: {}

  tslib@2.8.1:
    optional: true

  tsx@4.22.4:
    dependencies:
      esbuild: 0.28.1
    optionalDependencies:
      fsevents: 2.3.3

  type-fest@5.7.0:
    dependencies:
      tagged-tag: 1.0.0

  typescript@5.9.3: {}

  undici-types@6.21.0: {}

  wrappy@1.0.2: {}

  yaml@2.9.0: {}

  zod@4.4.3: {}
